// !$*UTF8*$!
{
	archiveVersion = 1;
	classes = {
	};
	objectVersion = 55;
	objects = {

/* Begin PBXBuildFile section */
		13B3749F285764880046CD6F /* AppDelegate.swift in Sources */ = {isa = PBXBuildFile; fileRef = 13B3749E285764880046CD6F /* AppDelegate.swift */; };
		13B374A1285764880046CD6F /* SceneDelegate.swift in Sources */ = {isa = PBXBuildFile; fileRef = 13B374A0285764880046CD6F /* SceneDelegate.swift */; };
		13B374A3285764880046CD6F /* ViewController.swift in Sources */ = {isa = PBXBuildFile; fileRef = 13B374A2285764880046CD6F /* ViewController.swift */; };
		13B374A6285764880046CD6F /* Main.storyboard in Resources */ = {isa = PBXBuildFile; fileRef = 13B374A4285764880046CD6F /* Main.storyboard */; };
		13B374A9285764880046CD6F /* NaverMovies.xcdatamodeld in Sources */ = {isa = PBXBuildFile; fileRef = 13B374A7285764880046CD6F /* NaverMovies.xcdatamodeld */; };
		13B374AB285764890046CD6F /* Assets.xcassets in Resources */ = {isa = PBXBuildFile; fileRef = 13B374AA285764890046CD6F /* Assets.xcassets */; };
		13B374AE285764890046CD6F /* LaunchScreen.storyboard in Resources */ = {isa = PBXBuildFile; fileRef = 13B374AC285764890046CD6F /* LaunchScreen.storyboard */; };
		13B374B6285767F30046CD6F /* MovieInfoView.swift in Sources */ = {isa = PBXBuildFile; fileRef = 13B374B5285767F30046CD6F /* MovieInfoView.swift */; };
		13B374B828576ECB0046CD6F /* MovieInfoTableViewCell.swift in Sources */ = {isa = PBXBuildFile; fileRef = 13B374B728576ECB0046CD6F /* MovieInfoTableViewCell.swift */; };
		13B374BB2858A9F20046CD6F /* Alamofire in Frameworks */ = {isa = PBXBuildFile; productRef = 13B374BA2858A9F20046CD6F /* Alamofire */; };
		13B374BD2858AB500046CD6F /* APICaller.swift in Sources */ = {isa = PBXBuildFile; fileRef = 13B374BC2858AB500046CD6F /* APICaller.swift */; };
		13B374BF2858AFAD0046CD6F /* MovieResultModel.swift in Sources */ = {isa = PBXBuildFile; fileRef = 13B374BE2858AFAD0046CD6F /* MovieResultModel.swift */; };
/* End PBXBuildFile section */

/* Begin PBXFileReference section */
		13B3749B285764870046CD6F /* NaverMovies.app */ = {isa = PBXFileReference; explicitFileType = wrapper.application; includeInIndex = 0; path = NaverMovies.app; sourceTree = BUILT_PRODUCTS_DIR; };
		13B3749E285764880046CD6F /* AppDelegate.swift */ = {isa = PBXFileReference; lastKnownFileType = sourcecode.swift; path = AppDelegate.swift; sourceTree = "<group>"; };
		13B374A0285764880046CD6F /* SceneDelegate.swift */ = {isa = PBXFileReference; lastKnownFileType = sourcecode.swift; path = SceneDelegate.swift; sourceTree = "<group>"; };
		13B374A2285764880046CD6F /* ViewController.swift */ = {isa = PBXFileReference; lastKnownFileType = sourcecode.swift; path = ViewController.swift; sourceTree = "<group>"; };
		13B374A5285764880046CD6F /* Base */ = {isa = PBXFileReference; lastKnownFileType = file.storyboard; name = Base; path = Base.lproj/Main.storyboard; sourceTree = "<group>"; };
		13B374A8285764880046CD6F /* NaverMovies.xcdatamodel */ = {isa = PBXFileReference; lastKnownFileType = wrapper.xcdatamodel; path = NaverMovies.xcdatamodel; sourceTree = "<group>"; };
		13B374AA285764890046CD6F /* Assets.xcassets */ = {isa = PBXFileReference; lastKnownFileType = folder.assetcatalog; path = Assets.xcassets; sourceTree = "<group>"; };
		13B374AD285764890046CD6F /* Base */ = {isa = PBXFileReference; lastKnownFileType = file.storyboard; name = Base; path = Base.lproj/LaunchScreen.storyboard; sourceTree = "<group>"; };
		13B374AF285764890046CD6F /* Info.plist */ = {isa = PBXFileReference; lastKnownFileType = text.plist.xml; path = Info.plist; sourceTree = "<group>"; };
		13B374B5285767F30046CD6F /* MovieInfoView.swift */ = {isa = PBXFileReference; lastKnownFileType = sourcecode.swift; path = MovieInfoView.swift; sourceTree = "<group>"; };
		13B374B728576ECB0046CD6F /* MovieInfoTableViewCell.swift */ = {isa = PBXFileReference; lastKnownFileType = sourcecode.swift; path = MovieInfoTableViewCell.swift; sourceTree = "<group>"; };
		13B374BC2858AB500046CD6F /* APICaller.swift */ = {isa = PBXFileReference; lastKnownFileType = sourcecode.swift; path = APICaller.swift; sourceTree = "<group>"; };
		13B374BE2858AFAD0046CD6F /* MovieResultModel.swift */ = {isa = PBXFileReference; lastKnownFileType = sourcecode.swift; path = MovieResultModel.swift; sourceTree = "<group>"; };
/* End PBXFileReference section */

/* Begin PBXFrameworksBuildPhase section */
		13B37498285764870046CD6F /* Frameworks */ = {
			isa = PBXFrameworksBuildPhase;
			buildActionMask = 2147483647;
			files = (
				13B374BB2858A9F20046CD6F /* Alamofire in Frameworks */,
			);
			runOnlyForDeploymentPostprocessing = 0;
		};
/* End PBXFrameworksBuildPhase section */

/* Begin PBXGroup section */
		13B37492285764870046CD6F = {
			isa = PBXGroup;
			children = (
				13B3749D285764870046CD6F /* NaverMovies */,
				13B3749C285764870046CD6F /* Products */,
			);
			sourceTree = "<group>";
		};
		13B3749C285764870046CD6F /* Products */ = {
			isa = PBXGroup;
			children = (
				13B3749B285764870046CD6F /* NaverMovies.app */,
			);
			name = Products;
			sourceTree = "<group>";
		};
		13B3749D285764870046CD6F /* NaverMovies */ = {
			isa = PBXGroup;
			children = (
				13B3749E285764880046CD6F /* AppDelegate.swift */,
				13B374A0285764880046CD6F /* SceneDelegate.swift */,
				13B374A2285764880046CD6F /* ViewController.swift */,
				13B374B728576ECB0046CD6F /* MovieInfoTableViewCell.swift */,
				13B374B5285767F30046CD6F /* MovieInfoView.swift */,
				13B374BC2858AB500046CD6F /* APICaller.swift */,
				13B374BE2858AFAD0046CD6F /* MovieResultModel.swift */,
				13B374A4285764880046CD6F /* Main.storyboard */,
				13B374AA285764890046CD6F /* Assets.xcassets */,
				13B374AC285764890046CD6F /* LaunchScreen.storyboard */,
				13B374AF285764890046CD6F /* Info.plist */,
				13B374A7285764880046CD6F /* NaverMovies.xcdatamodeld */,
			);
			path = NaverMovies;
			sourceTree = "<group>";
		};
/* End PBXGroup section */

/* Begin PBXNativeTarget section */
		13B3749A285764870046CD6F /* NaverMovies */ = {
			isa = PBXNativeTarget;
			buildConfigurationList = 13B374B2285764890046CD6F /* Build configuration list for PBXNativeTarget "NaverMovies" */;
			buildPhases = (
				13B37497285764870046CD6F /* Sources */,
				13B37498285764870046CD6F /* Frameworks */,
				13B37499285764870046CD6F /* Resources */,
			);
			buildRules = (
			);
			dependencies = (
			);
			name = NaverMovies;
			packageProductDependencies = (
				13B374BA2858A9F20046CD6F /* Alamofire */,
			);
			productName = NaverMovies;
			productReference = 13B3749B285764870046CD6F /* NaverMovies.app */;
			productType = "com.apple.product-type.application";
		};
/* End PBXNativeTarget section */

/* Begin PBXProject section */
		13B37493285764870046CD6F /* Project object */ = {
			isa = PBXProject;
			attributes = {
				BuildIndependentTargetsInParallel = 1;
				LastSwiftUpdateCheck = 1320;
				LastUpgradeCheck = 1320;
				TargetAttributes = {
					13B3749A285764870046CD6F = {
						CreatedOnToolsVersion = 13.2.1;
					};
				};
			};
			buildConfigurationList = 13B37496285764870046CD6F /* Build configuration list for PBXProject "NaverMovies" */;
			compatibilityVersion = "Xcode 13.0";
			developmentRegion = en;
			hasScannedForEncodings = 0;
			knownRegions = (
				en,
				Base,
			);
			mainGroup = 13B37492285764870046CD6F;
			packageReferences = (
				13B374B92858A9F20046CD6F /* XCRemoteSwiftPackageReference "Alamofire" */,
			);
			productRefGroup = 13B3749C285764870046CD6F /* Products */;
			projectDirPath = "";
			projectRoot = "";
			targets = (
				13B3749A285764870046CD6F /* NaverMovies */,
			);
		};
/* End PBXProject section */

/* Begin PBXResourcesBuildPhase section */
		13B37499285764870046CD6F /* Resources */ = {
			isa = PBXResourcesBuildPhase;
			buildActionMask = 2147483647;
			files = (
				13B374AE285764890046CD6F /* LaunchScreen.storyboard in Resources */,
				13B374AB285764890046CD6F /* Assets.xcassets in Resources */,
				13B374A6285764880046CD6F /* Main.storyboard in Resources */,
			);
			runOnlyForDeploymentPostprocessing = 0;
		};
/* End PBXResourcesBuildPhase section */

/* Begin PBXSourcesBuildPhase section */
		13B37497285764870046CD6F /* Sources */ = {
			isa = PBXSourcesBuildPhase;
			buildActionMask = 2147483647;
			files = (
				13B374A3285764880046CD6F /* ViewController.swift in Sources */,
				13B374BF2858AFAD0046CD6F /* MovieResultModel.swift in Sources */,
				13B3749F285764880046CD6F /* AppDelegate.swift in Sources */,
				13B374A1285764880046CD6F /* SceneDelegate.swift in Sources */,
				13B374BD2858AB500046CD6F /* APICaller.swift in Sources */,
				13B374A9285764880046CD6F /* NaverMovies.xcdatamodeld in Sources */,
				13B374B828576ECB0046CD6F /* MovieInfoTableViewCell.swift in Sources */,
				13B374B6285767F30046CD6F /* MovieInfoView.swift in Sources */,
			);
			runOnlyForDeploymentPostprocessing = 0;
		};
/* End PBXSourcesBuildPhase section */

/* Begin PBXVariantGroup section */
		13B374A4285764880046CD6F /* Main.storyboard */ = {
			isa = PBXVariantGroup;
			children = (
				13B374A5285764880046CD6F /* Base */,
			);
			name = Main.storyboard;
			sourceTree = "<group>";
		};
		13B374AC285764890046CD6F /* LaunchScreen.storyboard */ = {
			isa = PBXVariantGroup;
			children = (
				13B374AD285764890046CD6F /* Base */,
			);
			name = LaunchScreen.storyboard;
			sourceTree = "<group>";
		};
/* End PBXVariantGroup section */

/* Begin XCBuildConfiguration section */
		13B374B0285764890046CD6F /* Debug */ = {
			isa = XCBuildConfiguration;
			buildSettings = {
				ALWAYS_SEARCH_USER_PATHS = NO;
				CLANG_ANALYZER_NONNULL = YES;
				CLANG_ANALYZER_NUMBER_OBJECT_CONVERSION = YES_AGGRESSIVE;
				CLANG_CXX_LANGUAGE_STANDARD = "gnu++17";
				CLANG_CXX_LIBRARY = "libc++";
				CLANG_ENABLE_MODULES = YES;
				CLANG_ENABLE_OBJC_ARC = YES;
				CLANG_ENABLE_OBJC_WEAK = YES;
				CLANG_WARN_BLOCK_CAPTURE_AUTORELEASING = YES;
				CLANG_WARN_BOOL_CONVERSION = YES;
				CLANG_WARN_COMMA = YES;
				CLANG_WARN_CONSTANT_CONVERSION = YES;
				CLANG_WARN_DEPRECATED_OBJC_IMPLEMENTATIONS = YES;
				CLANG_WARN_DIRECT_OBJC_ISA_USAGE = YES_ERROR;
				CLANG_WARN_DOCUMENTATION_COMMENTS = YES;
				CLANG_WARN_EMPTY_BODY = YES;
				CLANG_WARN_ENUM_CONVERSION = YES;
				CLANG_WARN_INFINITE_RECURSION = YES;
				CLANG_WARN_INT_CONVERSION = YES;
				CLANG_WARN_NON_LITERAL_NULL_CONVERSION = YES;
				CLANG_WARN_OBJC_IMPLICIT_RETAIN_SELF = YES;
				CLANG_WARN_OBJC_LITERAL_CONVERSION = YES;
				CLANG_WARN_OBJC_ROOT_CLASS = YES_ERROR;
				CLANG_WARN_QUOTED_INCLUDE_IN_FRAMEWORK_HEADER = YES;
				CLANG_WARN_RANGE_LOOP_ANALYSIS = YES;
				CLANG_WARN_STRICT_PROTOTYPES = YES;
				CLANG_WARN_SUSPICIOUS_MOVE = YES;
				CLANG_WARN_UNGUARDED_AVAILABILITY = YES_AGGRESSIVE;
				CLANG_WARN_UNREACHABLE_CODE = YES;
				CLANG_WARN__DUPLICATE_METHOD_MATCH = YES;
				COPY_PHASE_STRIP = NO;
				DEBUG_INFORMATION_FORMAT = dwarf;
				ENABLE_STRICT_OBJC_MSGSEND = YES;
				ENABLE_TESTABILITY = YES;
				GCC_C_LANGUAGE_STANDARD = gnu11;
				GCC_DYNAMIC_NO_PIC = NO;
				GCC_NO_COMMON_BLOCKS = YES;
				GCC_OPTIMIZATION_LEVEL = 0;
				GCC_PREPROCESSOR_DEFINITIONS = (
					"DEBUG=1",
					"$(inherited)",
				);
				GCC_WARN_64_TO_32_BIT_CONVERSION = YES;
				GCC_WARN_ABOUT_RETURN_TYPE = YES_ERROR;
				GCC_WARN_UNDECLARED_SELECTOR = YES;
				GCC_WARN_UNINITIALIZED_AUTOS = YES_AGGRESSIVE;
				GCC_WARN_UNUSED_FUNCTION = YES;
				GCC_WARN_UNUSED_VARIABLE = YES;
				IPHONEOS_DEPLOYMENT_TARGET = 15.2;
				MTL_ENABLE_DEBUG_INFO = INCLUDE_SOURCE;
				MTL_FAST_MATH = YES;
				ONLY_ACTIVE_ARCH = YES;
				SDKROOT = iphoneos;
				SWIFT_ACTIVE_COMPILATION_CONDITIONS = DEBUG;
				SWIFT_OPTIMIZATION_LEVEL = "-Onone";
			};
			name = Debug;
		};
		13B374B1285764890046CD6F /* Release */ = {
			isa = XCBuildConfiguration;
			buildSettings = {
				ALWAYS_SEARCH_USER_PATHS = NO;
				CLANG_ANALYZER_NONNULL = YES;
				CLANG_ANALYZER_NUMBER_OBJECT_CONVERSION = YES_AGGRESSIVE;
				CLANG_CXX_LANGUAGE_STANDARD = "gnu++17";
				CLANG_CXX_LIBRARY = "libc++";
				CLANG_ENABLE_MODULES = YES;
				CLANG_ENABLE_OBJC_ARC = YES;
				CLANG_ENABLE_OBJC_WEAK = YES;
				CLANG_WARN_BLOCK_CAPTURE_AUTORELEASING = YES;
				CLANG_WARN_BOOL_CONVERSION = YES;
				CLANG_WARN_COMMA = YES;
				CLANG_WARN_CONSTANT_CONVERSION = YES;
				CLANG_WARN_DEPRECATED_OBJC_IMPLEMENTATIONS = YES;
				CLANG_WARN_DIRECT_OBJC_ISA_USAGE = YES_ERROR;
				CLANG_WARN_DOCUMENTATION_COMMENTS = YES;
				CLANG_WARN_EMPTY_BODY = YES;
				CLANG_WARN_ENUM_CONVERSION = YES;
				CLANG_WARN_INFINITE_RECURSION = YES;
				CLANG_WARN_INT_CONVERSION = YES;
				CLANG_WARN_NON_LITERAL_NULL_CONVERSION = YES;
				CLANG_WARN_OBJC_IMPLICIT_RETAIN_SELF = YES;
				CLANG_WARN_OBJC_LITERAL_CONVERSION = YES;
				CLANG_WARN_OBJC_ROOT_CLASS = YES_ERROR;
				CLANG_WARN_QUOTED_INCLUDE_IN_FRAMEWORK_HEADER = YES;
				CLANG_WARN_RANGE_LOOP_ANALYSIS = YES;
				CLANG_WARN_STRICT_PROTOTYPES = YES;
				CLANG_WARN_SUSPICIOUS_MOVE = YES;
				CLANG_WARN_UNGUARDED_AVAILABILITY = YES_AGGRESSIVE;
				CLANG_WARN_UNREACHABLE_CODE = YES;
				CLANG_WARN__DUPLICATE_METHOD_MATCH = YES;
				COPY_PHASE_STRIP = NO;
				DEBUG_INFORMATION_FORMAT = "dwarf-with-dsym";
				ENABLE_NS_ASSERTIONS = NO;
				ENABLE_STRICT_OBJC_MSGSEND = YES;
				GCC_C_LANGUAGE_STANDARD = gnu11;
				GCC_NO_COMMON_BLOCKS = YES;
				GCC_WARN_64_TO_32_BIT_CONVERSION = YES;
				GCC_WARN_ABOUT_RETURN_TYPE = YES_ERROR;
				GCC_WARN_UNDECLARED_SELECTOR = YES;
				GCC_WARN_UNINITIALIZED_AUTOS = YES_AGGRESSIVE;
				GCC_WARN_UNUSED_FUNCTION = YES;
				GCC_WARN_UNUSED_VARIABLE = YES;
				IPHONEOS_DEPLOYMENT_TARGET = 15.2;
				MTL_ENABLE_DEBUG_INFO = NO;
				MTL_FAST_MATH = YES;
				SDKROOT = iphoneos;
				SWIFT_COMPILATION_MODE = wholemodule;
				SWIFT_OPTIMIZATION_LEVEL = "-O";
				VALIDATE_PRODUCT = YES;
			};
			name = Release;
		};
		13B374B3285764890046CD6F /* Debug */ = {
			isa = XCBuildConfiguration;
			buildSettings = {
				ASSETCATALOG_COMPILER_APPICON_NAME = AppIcon;
				ASSETCATALOG_COMPILER_GLOBAL_ACCENT_COLOR_NAME = AccentColor;
				CODE_SIGN_STYLE = Automatic;
				CURRENT_PROJECT_VERSION = 1;
				DEVELOPMENT_TEAM = 3F6RB5JZKP;
				GENERATE_INFOPLIST_FILE = YES;
				INFOPLIST_FILE = NaverMovies/Info.plist;
				INFOPLIST_KEY_UIApplicationSupportsIndirectInputEvents = YES;
				INFOPLIST_KEY_UILaunchStoryboardName = LaunchScreen;
				INFOPLIST_KEY_UIMainStoryboardFile = Main;
				INFOPLIST_KEY_UISupportedInterfaceOrientations_iPad = "UIInterfaceOrientationPortrait UIInterfaceOrientationPortraitUpsideDown UIInterfaceOrientationLandscapeLeft UIInterfaceOrientationLandscapeRight";
				INFOPLIST_KEY_UISupportedInterfaceOrientations_iPhone = "UIInterfaceOrientationPortrait UIInterfaceOrientationLandscapeLeft UIInterfaceOrientationLandscapeRight";
				LD_RUNPATH_SEARCH_PATHS = (
					"$(inherited)",
					"@executable_path/Frameworks",
				);
				MARKETING_VERSION = 1.0;
				PRODUCT_BUNDLE_IDENTIFIER = hebaek.NaverMovies;
				PRODUCT_NAME = "$(TARGET_NAME)";
				SWIFT_EMIT_LOC_STRINGS = YES;
				SWIFT_VERSION = 5.0;
				TARGETED_DEVICE_FAMILY = "1,2";
			};
			name = Debug;
		};
		13B374B4285764890046CD6F /* Release */ = {
			isa = XCBuildConfiguration;
			buildSettings = {
				ASSETCATALOG_COMPILER_APPICON_NAME = AppIcon;
				ASSETCATALOG_COMPILER_GLOBAL_ACCENT_COLOR_NAME = AccentColor;
				CODE_SIGN_STYLE = Automatic;
				CURRENT_PROJECT_VERSION = 1;
				DEVELOPMENT_TEAM = 3F6RB5JZKP;
				GENERATE_INFOPLIST_FILE = YES;
				INFOPLIST_FILE = NaverMovies/Info.plist;
				INFOPLIST_KEY_UIApplicationSupportsIndirectInputEvents = YES;
				INFOPLIST_KEY_UILaunchStoryboardName = LaunchScreen;
				INFOPLIST_KEY_UIMainStoryboardFile = Main;
				INFOPLIST_KEY_UISupportedInterfaceOrientations_iPad = "UIInterfaceOrientationPortrait UIInterfaceOrientationPortraitUpsideDown UIInterfaceOrientationLandscapeLeft UIInterfaceOrientationLandscapeRight";
				INFOPLIST_KEY_UISupportedInterfaceOrientations_iPhone = "UIInterfaceOrientationPortrait UIInterfaceOrientationLandscapeLeft UIInterfaceOrientationLandscapeRight";
				LD_RUNPATH_SEARCH_PATHS = (
					"$(inherited)",
					"@executable_path/Frameworks",
				);
				MARKETING_VERSION = 1.0;
				PRODUCT_BUNDLE_IDENTIFIER = hebaek.NaverMovies;
				PRODUCT_NAME = "$(TARGET_NAME)";
				SWIFT_EMIT_LOC_STRINGS = YES;
				SWIFT_VERSION = 5.0;
				TARGETED_DEVICE_FAMILY = "1,2";
			};
			name = Release;
		};
/* End XCBuildConfiguration section */

/* Begin XCConfigurationList section */
		13B37496285764870046CD6F /* Build configuration list for PBXProject "NaverMovies" */ = {
			isa = XCConfigurationList;
			buildConfigurations = (
				13B374B0285764890046CD6F /* Debug */,
				13B374B1285764890046CD6F /* Release */,
			);
			defaultConfigurationIsVisible = 0;
			defaultConfigurationName = Release;
		};
		13B374B2285764890046CD6F /* Build configuration list for PBXNativeTarget "NaverMovies" */ = {
			isa = XCConfigurationList;
			buildConfigurations = (
				13B374B3285764890046CD6F /* Debug */,
				13B374B4285764890046CD6F /* Release */,
			);
			defaultConfigurationIsVisible = 0;
			defaultConfigurationName = Release;
		};
/* End XCConfigurationList section */

/* Begin XCRemoteSwiftPackageReference section */
		13B374B92858A9F20046CD6F /* XCRemoteSwiftPackageReference "Alamofire" */ = {
			isa = XCRemoteSwiftPackageReference;
			repositoryURL = "https://github.com/Alamofire/Alamofire";
			requirement = {
				kind = upToNextMajorVersion;
				minimumVersion = 5.0.0;
			};
		};
/* End XCRemoteSwiftPackageReference section */

/* Begin XCSwiftPackageProductDependency section */
		13B374BA2858A9F20046CD6F /* Alamofire */ = {
			isa = XCSwiftPackageProductDependency;
			package = 13B374B92858A9F20046CD6F /* XCRemoteSwiftPackageReference "Alamofire" */;
			productName = Alamofire;
		};
/* End XCSwiftPackageProductDependency section */

/* Begin XCVersionGroup section */
		13B374A7285764880046CD6F /* NaverMovies.xcdatamodeld */ = {
			isa = XCVersionGroup;
			children = (
				13B374A8285764880046CD6F /* NaverMovies.xcdatamodel */,
			);
			currentVersion = 13B374A8285764880046CD6F /* NaverMovies.xcdatamodel */;
			path = NaverMovies.xcdatamodeld;
			sourceTree = "<group>";
			versionGroupType = wrapper.xcdatamodel;
		};
/* End XCVersionGroup section */
	};
	rootObject = 13B37493285764870046CD6F /* Project object */;
}
